
Microsoft Visual Studio Solution File, Format Version 12.00
# Visual Studio Version 17
VisualStudioVersion = 17.1.32210.238
MinimumVisualStudioVersion = 10.0.40219.1
Project("{FAE04EC0-301F-11D3-BF4B-00C04F79EFBC}") = "TestCodeGames", "TestCodeGames\TestCodeGames.csproj", "{DFF335B9-54B0-490B-95F8-48A0CC421E4E}"
EndProject
Global
	GlobalSection(SolutionConfigurationPlatforms) = preSolution
		Debug|Any CPU = Debug|Any CPU
		Release|Any CPU = Release|Any CPU
	EndGlobalSection
	GlobalSection(ProjectConfigurationPlatforms) = postSolution
		{DFF335B9-54B0-490B-95F8-48A0CC421E4E}.Debug|Any CPU.ActiveCfg = Debug|Any CPU
		{DFF335B9-54B0-490B-95F8-48A0CC421E4E}.Debug|Any CPU.Build.0 = Debug|Any CPU
		{DFF335B9-54B0-490B-95F8-48A0CC421E4E}.Release|Any CPU.ActiveCfg = Release|Any CPU
		{DFF335B9-54B0-490B-95F8-48A0CC421E4E}.Release|Any CPU.Build.0 = Release|Any CPU
	EndGlobalSection
	GlobalSection(SolutionProperties) = preSolution
		HideSolutionNode = FALSE
	EndGlobalSection
	GlobalSection(ExtensibilityGlobals) = postSolution
		SolutionGuid = {6887DDFC-FE2B-4B63-9C7F-A5D054579440}
	EndGlobalSection
EndGlobal
